// !$*UTF8*$!
{
	archiveVersion = 1;
	classes = {
	};
	objectVersion = 51;
	objects = {

/* Begin PBXBuildFile section */
		1122CE6D25E5A23F0065B4B2 /* Profile.storyboard in Resources */ = {isa = PBXBuildFile; fileRef = 1122CE6C25E5A23F0065B4B2 /* Profile.storyboard */; };
		118B4DC425E0AD8900A8628C /* tester.swift in Sources */ = {isa = PBXBuildFile; fileRef = 118B4DC325E0AD8900A8628C /* tester.swift */; };
		118B4DCC25E0B4B900A8628C /* test_data.json in Resources */ = {isa = PBXBuildFile; fileRef = 118B4DCB25E0B4B900A8628C /* test_data.json */; };
		118B4DD225E0C82E00A8628C /* SignUp.storyboard in Resources */ = {isa = PBXBuildFile; fileRef = 118B4DD125E0C82E00A8628C /* SignUp.storyboard */; };
		118B4DD625E0C87100A8628C /* Home.storyboard in Resources */ = {isa = PBXBuildFile; fileRef = 118B4DD525E0C87100A8628C /* Home.storyboard */; };
		118B4DD925E0C87F00A8628C /* Run.storyboard in Resources */ = {isa = PBXBuildFile; fileRef = 118B4DD825E0C87F00A8628C /* Run.storyboard */; };
		3C13A8E225DB76D100C9D7F6 /* GPS.swift in Sources */ = {isa = PBXBuildFile; fileRef = 3C13A8E125DB76D100C9D7F6 /* GPS.swift */; };
		3C13A8E725DB772500C9D7F6 /* RunModel.swift in Sources */ = {isa = PBXBuildFile; fileRef = 3C13A8E625DB772500C9D7F6 /* RunModel.swift */; };
		3C13A8EA25DB774B00C9D7F6 /* RunSnapshot.swift in Sources */ = {isa = PBXBuildFile; fileRef = 3C13A8E925DB774B00C9D7F6 /* RunSnapshot.swift */; };
		3C13A8ED25DB77C500C9D7F6 /* UserDb.swift in Sources */ = {isa = PBXBuildFile; fileRef = 3C13A8EC25DB77C500C9D7F6 /* UserDb.swift */; };
		3C319D9425E58BAB00868267 /* ProfileVC.swift in Sources */ = {isa = PBXBuildFile; fileRef = 3C319D9325E58BAB00868267 /* ProfileVC.swift */; };
		3C319D9825E58C5D00868267 /* Notification.swift in Sources */ = {isa = PBXBuildFile; fileRef = 3C319D9725E58C5D00868267 /* Notification.swift */; };
		3C4D6BE625D5D1C2009CEBE1 /* AppDelegate.swift in Sources */ = {isa = PBXBuildFile; fileRef = 3C4D6BE525D5D1C2009CEBE1 /* AppDelegate.swift */; };
		3C4D6BE825D5D1C2009CEBE1 /* SceneDelegate.swift in Sources */ = {isa = PBXBuildFile; fileRef = 3C4D6BE725D5D1C2009CEBE1 /* SceneDelegate.swift */; };
		3C4D6BEA25D5D1C2009CEBE1 /* ViewController.swift in Sources */ = {isa = PBXBuildFile; fileRef = 3C4D6BE925D5D1C2009CEBE1 /* ViewController.swift */; };
		3C4D6BED25D5D1C2009CEBE1 /* Login.storyboard in Resources */ = {isa = PBXBuildFile; fileRef = 3C4D6BEB25D5D1C2009CEBE1 /* Login.storyboard */; };
		3C4D6BEF25D5D1C4009CEBE1 /* Assets.xcassets in Resources */ = {isa = PBXBuildFile; fileRef = 3C4D6BEE25D5D1C4009CEBE1 /* Assets.xcassets */; };
		3C4D6BF225D5D1C4009CEBE1 /* LaunchScreen.storyboard in Resources */ = {isa = PBXBuildFile; fileRef = 3C4D6BF025D5D1C4009CEBE1 /* LaunchScreen.storyboard */; };
		3C6922D225EDF326001BA185 /* FriendDb.swift in Sources */ = {isa = PBXBuildFile; fileRef = 3C6922D125EDF326001BA185 /* FriendDb.swift */; };
		3C6922D625EDF466001BA185 /* Friend.swift in Sources */ = {isa = PBXBuildFile; fileRef = 3C6922D525EDF466001BA185 /* Friend.swift */; };
		3C6922F525EE1CA4001BA185 /* funstions.swift in Sources */ = {isa = PBXBuildFile; fileRef = 3C6922F425EE1CA4001BA185 /* funstions.swift */; };
		3CB524F525DB1B03004421D9 /* GoogleService-Info.plist in Resources */ = {isa = PBXBuildFile; fileRef = 3CB524F425DB1B03004421D9 /* GoogleService-Info.plist */; };
		3CB524F925DB23FA004421D9 /* User.swift in Sources */ = {isa = PBXBuildFile; fileRef = 3CB524F825DB23FA004421D9 /* User.swift */; };
		3CB524FC25DB2443004421D9 /* DB.swift in Sources */ = {isa = PBXBuildFile; fileRef = 3CB524FB25DB2443004421D9 /* DB.swift */; };
		3CB5250125DB24C2004421D9 /* LocalStorage.swift in Sources */ = {isa = PBXBuildFile; fileRef = 3CB5250025DB24C2004421D9 /* LocalStorage.swift */; };
		3CB5250325DB24DF004421D9 /* CloudStorage.swift in Sources */ = {isa = PBXBuildFile; fileRef = 3CB5250225DB24DF004421D9 /* CloudStorage.swift */; };
		3CB5250625DB35CB004421D9 /* Auth.swift in Sources */ = {isa = PBXBuildFile; fileRef = 3CB5250525DB35CB004421D9 /* Auth.swift */; };
		3CB5250825DB3B2C004421D9 /* RunDb.swift in Sources */ = {isa = PBXBuildFile; fileRef = 3CB5250725DB3B2C004421D9 /* RunDb.swift */; };
		3CB5250A25DB3F51004421D9 /* Path.swift in Sources */ = {isa = PBXBuildFile; fileRef = 3CB5250925DB3F51004421D9 /* Path.swift */; };
		3CDFE92125DE82C600742EF2 /* RunCalculation.swift in Sources */ = {isa = PBXBuildFile; fileRef = 3CDFE92025DE82C600742EF2 /* RunCalculation.swift */; };
		3CDFE92625DF0BA800742EF2 /* Navigation.swift in Sources */ = {isa = PBXBuildFile; fileRef = 3CDFE92525DF0BA800742EF2 /* Navigation.swift */; };
		3CDFE92925DF15CB00742EF2 /* LoginVC.swift in Sources */ = {isa = PBXBuildFile; fileRef = 3CDFE92825DF15CB00742EF2 /* LoginVC.swift */; };
		3CDFE92C25DF16D600742EF2 /* HomeVC.swift in Sources */ = {isa = PBXBuildFile; fileRef = 3CDFE92B25DF16D600742EF2 /* HomeVC.swift */; };
		3CDFE93125DF1F9600742EF2 /* RunVC.swift in Sources */ = {isa = PBXBuildFile; fileRef = 3CDFE93025DF1F9600742EF2 /* RunVC.swift */; };
		3CDFE93525DF8C6F00742EF2 /* SignUp.swift in Sources */ = {isa = PBXBuildFile; fileRef = 3CDFE93425DF8C6F00742EF2 /* SignUp.swift */; };
		5023811574EF1E5C3359D874 /* Pods_Ghost_Runner.framework in Frameworks */ = {isa = PBXBuildFile; fileRef = E4A245072B07B61AE8759005 /* Pods_Ghost_Runner.framework */; };
		DBF6EAC625EDA6E800210649 /* EmailLoginViewController.swift in Sources */ = {isa = PBXBuildFile; fileRef = DBF6EAC525EDA6E800210649 /* EmailLoginViewController.swift */; };
/* End PBXBuildFile section */

/* Begin PBXFileReference section */
		1122CE6C25E5A23F0065B4B2 /* Profile.storyboard */ = {isa = PBXFileReference; lastKnownFileType = file.storyboard; path = Profile.storyboard; sourceTree = "<group>"; };
		118B4DC325E0AD8900A8628C /* tester.swift */ = {isa = PBXFileReference; lastKnownFileType = sourcecode.swift; path = tester.swift; sourceTree = "<group>"; };
		118B4DCB25E0B4B900A8628C /* test_data.json */ = {isa = PBXFileReference; fileEncoding = 4; lastKnownFileType = text.json; path = test_data.json; sourceTree = "<group>"; };
		118B4DD125E0C82E00A8628C /* SignUp.storyboard */ = {isa = PBXFileReference; lastKnownFileType = file.storyboard; path = SignUp.storyboard; sourceTree = "<group>"; };
		118B4DD525E0C87100A8628C /* Home.storyboard */ = {isa = PBXFileReference; lastKnownFileType = file.storyboard; path = Home.storyboard; sourceTree = "<group>"; };
		118B4DD825E0C87F00A8628C /* Run.storyboard */ = {isa = PBXFileReference; lastKnownFileType = file.storyboard; path = Run.storyboard; sourceTree = "<group>"; };
		3C13A8E125DB76D100C9D7F6 /* GPS.swift */ = {isa = PBXFileReference; lastKnownFileType = sourcecode.swift; path = GPS.swift; sourceTree = "<group>"; };
		3C13A8E625DB772500C9D7F6 /* RunModel.swift */ = {isa = PBXFileReference; lastKnownFileType = sourcecode.swift; path = RunModel.swift; sourceTree = "<group>"; };
		3C13A8E925DB774B00C9D7F6 /* RunSnapshot.swift */ = {isa = PBXFileReference; lastKnownFileType = sourcecode.swift; path = RunSnapshot.swift; sourceTree = "<group>"; };
		3C13A8EC25DB77C500C9D7F6 /* UserDb.swift */ = {isa = PBXFileReference; lastKnownFileType = sourcecode.swift; path = UserDb.swift; sourceTree = "<group>"; };
		3C319D9325E58BAB00868267 /* ProfileVC.swift */ = {isa = PBXFileReference; lastKnownFileType = sourcecode.swift; path = ProfileVC.swift; sourceTree = "<group>"; };
		3C319D9725E58C5D00868267 /* Notification.swift */ = {isa = PBXFileReference; lastKnownFileType = sourcecode.swift; path = Notification.swift; sourceTree = "<group>"; };
		3C4D6BE225D5D1C2009CEBE1 /* Ghost Runner.app */ = {isa = PBXFileReference; explicitFileType = wrapper.application; includeInIndex = 0; path = "Ghost Runner.app"; sourceTree = BUILT_PRODUCTS_DIR; };
		3C4D6BE525D5D1C2009CEBE1 /* AppDelegate.swift */ = {isa = PBXFileReference; lastKnownFileType = sourcecode.swift; path = AppDelegate.swift; sourceTree = "<group>"; };
		3C4D6BE725D5D1C2009CEBE1 /* SceneDelegate.swift */ = {isa = PBXFileReference; lastKnownFileType = sourcecode.swift; path = SceneDelegate.swift; sourceTree = "<group>"; };
		3C4D6BE925D5D1C2009CEBE1 /* ViewController.swift */ = {isa = PBXFileReference; lastKnownFileType = sourcecode.swift; path = ViewController.swift; sourceTree = "<group>"; };
		3C4D6BEC25D5D1C2009CEBE1 /* Base */ = {isa = PBXFileReference; lastKnownFileType = file.storyboard; name = Base; path = Base.lproj/Login.storyboard; sourceTree = "<group>"; };
		3C4D6BEE25D5D1C4009CEBE1 /* Assets.xcassets */ = {isa = PBXFileReference; lastKnownFileType = folder.assetcatalog; path = Assets.xcassets; sourceTree = "<group>"; };
		3C4D6BF125D5D1C4009CEBE1 /* Base */ = {isa = PBXFileReference; lastKnownFileType = file.storyboard; name = Base; path = Base.lproj/LaunchScreen.storyboard; sourceTree = "<group>"; };
		3C4D6BF325D5D1C4009CEBE1 /* Info.plist */ = {isa = PBXFileReference; lastKnownFileType = text.plist.xml; path = Info.plist; sourceTree = "<group>"; };
		3C6922D125EDF326001BA185 /* FriendDb.swift */ = {isa = PBXFileReference; lastKnownFileType = sourcecode.swift; path = FriendDb.swift; sourceTree = "<group>"; };
		3C6922D525EDF466001BA185 /* Friend.swift */ = {isa = PBXFileReference; lastKnownFileType = sourcecode.swift; path = Friend.swift; sourceTree = "<group>"; };
		3C6922F425EE1CA4001BA185 /* funstions.swift */ = {isa = PBXFileReference; lastKnownFileType = sourcecode.swift; path = funstions.swift; sourceTree = "<group>"; };
		3CB524F425DB1B03004421D9 /* GoogleService-Info.plist */ = {isa = PBXFileReference; fileEncoding = 4; lastKnownFileType = text.plist.xml; path = "GoogleService-Info.plist"; sourceTree = "<group>"; };
		3CB524F825DB23FA004421D9 /* User.swift */ = {isa = PBXFileReference; lastKnownFileType = sourcecode.swift; path = User.swift; sourceTree = "<group>"; };
		3CB524FB25DB2443004421D9 /* DB.swift */ = {isa = PBXFileReference; lastKnownFileType = sourcecode.swift; path = DB.swift; sourceTree = "<group>"; };
		3CB5250025DB24C2004421D9 /* LocalStorage.swift */ = {isa = PBXFileReference; lastKnownFileType = sourcecode.swift; path = LocalStorage.swift; sourceTree = "<group>"; };
		3CB5250225DB24DF004421D9 /* CloudStorage.swift */ = {isa = PBXFileReference; lastKnownFileType = sourcecode.swift; path = CloudStorage.swift; sourceTree = "<group>"; };
		3CB5250525DB35CB004421D9 /* Auth.swift */ = {isa = PBXFileReference; lastKnownFileType = sourcecode.swift; path = Auth.swift; sourceTree = "<group>"; };
		3CB5250725DB3B2C004421D9 /* RunDb.swift */ = {isa = PBXFileReference; lastKnownFileType = sourcecode.swift; path = RunDb.swift; sourceTree = "<group>"; };
		3CB5250925DB3F51004421D9 /* Path.swift */ = {isa = PBXFileReference; lastKnownFileType = sourcecode.swift; path = Path.swift; sourceTree = "<group>"; };
		3CDFE92025DE82C600742EF2 /* RunCalculation.swift */ = {isa = PBXFileReference; lastKnownFileType = sourcecode.swift; path = RunCalculation.swift; sourceTree = "<group>"; };
		3CDFE92525DF0BA800742EF2 /* Navigation.swift */ = {isa = PBXFileReference; lastKnownFileType = sourcecode.swift; path = Navigation.swift; sourceTree = "<group>"; };
		3CDFE92825DF15CB00742EF2 /* LoginVC.swift */ = {isa = PBXFileReference; lastKnownFileType = sourcecode.swift; path = LoginVC.swift; sourceTree = "<group>"; };
		3CDFE92B25DF16D600742EF2 /* HomeVC.swift */ = {isa = PBXFileReference; lastKnownFileType = sourcecode.swift; path = HomeVC.swift; sourceTree = "<group>"; };
		3CDFE93025DF1F9600742EF2 /* RunVC.swift */ = {isa = PBXFileReference; lastKnownFileType = sourcecode.swift; path = RunVC.swift; sourceTree = "<group>"; };
		3CDFE93425DF8C6F00742EF2 /* SignUp.swift */ = {isa = PBXFileReference; lastKnownFileType = sourcecode.swift; path = SignUp.swift; sourceTree = "<group>"; };
		766E69240DE493E8126D4C20 /* Pods-Ghost Runner.release.xcconfig */ = {isa = PBXFileReference; includeInIndex = 1; lastKnownFileType = text.xcconfig; name = "Pods-Ghost Runner.release.xcconfig"; path = "Target Support Files/Pods-Ghost Runner/Pods-Ghost Runner.release.xcconfig"; sourceTree = "<group>"; };
		A4104646307D6E68F33AE0EB /* Pods-Ghost Runner.debug.xcconfig */ = {isa = PBXFileReference; includeInIndex = 1; lastKnownFileType = text.xcconfig; name = "Pods-Ghost Runner.debug.xcconfig"; path = "Target Support Files/Pods-Ghost Runner/Pods-Ghost Runner.debug.xcconfig"; sourceTree = "<group>"; };
		DBF6EAC525EDA6E800210649 /* EmailLoginViewController.swift */ = {isa = PBXFileReference; lastKnownFileType = sourcecode.swift; path = EmailLoginViewController.swift; sourceTree = "<group>"; };
		E4A245072B07B61AE8759005 /* Pods_Ghost_Runner.framework */ = {isa = PBXFileReference; explicitFileType = wrapper.framework; includeInIndex = 0; path = Pods_Ghost_Runner.framework; sourceTree = BUILT_PRODUCTS_DIR; };
/* End PBXFileReference section */

/* Begin PBXFrameworksBuildPhase section */
		3C4D6BDF25D5D1C2009CEBE1 /* Frameworks */ = {
			isa = PBXFrameworksBuildPhase;
			buildActionMask = 2147483647;
			files = (
				5023811574EF1E5C3359D874 /* Pods_Ghost_Runner.framework in Frameworks */,
			);
			runOnlyForDeploymentPostprocessing = 0;
		};
/* End PBXFrameworksBuildPhase section */

/* Begin PBXGroup section */
		2DA8C1121B962809ADDDEBD4 /* Frameworks */ = {
			isa = PBXGroup;
			children = (
				E4A245072B07B61AE8759005 /* Pods_Ghost_Runner.framework */,
			);
			name = Frameworks;
			sourceTree = "<group>";
		};
		3C13A8E425DB770E00C9D7F6 /* Run */ = {
			isa = PBXGroup;
			children = (
				3C13A8E625DB772500C9D7F6 /* RunModel.swift */,
				3C13A8E925DB774B00C9D7F6 /* RunSnapshot.swift */,
			);
			path = Run;
			sourceTree = "<group>";
		};
		3C319D9625E58C5000868267 /* Notification */ = {
			isa = PBXGroup;
			children = (
				3C319D9725E58C5D00868267 /* Notification.swift */,
			);
			name = Notification;
			path = "Ghost Runner/Notification";
			sourceTree = SOURCE_ROOT;
		};
		3C4D6BD925D5D1C2009CEBE1 = {
			isa = PBXGroup;
			children = (
				3C4D6BE425D5D1C2009CEBE1 /* Ghost Runner */,
				3C4D6BE325D5D1C2009CEBE1 /* Products */,
				AEFEDFB950DDE4D64D1C282C /* Pods */,
				2DA8C1121B962809ADDDEBD4 /* Frameworks */,
			);
			sourceTree = "<group>";
		};
		3C4D6BE325D5D1C2009CEBE1 /* Products */ = {
			isa = PBXGroup;
			children = (
				3C4D6BE225D5D1C2009CEBE1 /* Ghost Runner.app */,
			);
			name = Products;
			sourceTree = "<group>";
		};
		3C4D6BE425D5D1C2009CEBE1 /* Ghost Runner */ = {
			isa = PBXGroup;
			children = (
				118B4DCB25E0B4B900A8628C /* test_data.json */,
				3C6922F325EE1C87001BA185 /* Helper */,
				3CDFE92425DF0B9600742EF2 /* Navigation */,
				3CDFE91F25DE823C00742EF2 /* Data */,
				3CB524F725DB23DD004421D9 /* model */,
				3CB524F625DB23B1004421D9 /* services */,
				3C4D6BFE25D5D512009CEBE1 /* storyBoard */,
				3C4D6BFD25D5D4C5009CEBE1 /* controller */,
				3C4D6BFC25D5D48A009CEBE1 /* support */,
				3C4D6BEE25D5D1C4009CEBE1 /* Assets.xcassets */,
				3CB524F425DB1B03004421D9 /* GoogleService-Info.plist */,
				3C4D6BF325D5D1C4009CEBE1 /* Info.plist */,
				118B4DC325E0AD8900A8628C /* tester.swift */,
			);
			path = "Ghost Runner";
			sourceTree = "<group>";
		};
		3C4D6BFC25D5D48A009CEBE1 /* support */ = {
			isa = PBXGroup;
			children = (
				3C4D6BE725D5D1C2009CEBE1 /* SceneDelegate.swift */,
				3C4D6BE525D5D1C2009CEBE1 /* AppDelegate.swift */,
			);
			path = support;
			sourceTree = "<group>";
		};
		3C4D6BFD25D5D4C5009CEBE1 /* controller */ = {
			isa = PBXGroup;
			children = (
				3C4D6BE925D5D1C2009CEBE1 /* ViewController.swift */,
				3CDFE92825DF15CB00742EF2 /* LoginVC.swift */,
				3CDFE92B25DF16D600742EF2 /* HomeVC.swift */,
				3CDFE93025DF1F9600742EF2 /* RunVC.swift */,
				3CDFE93425DF8C6F00742EF2 /* SignUp.swift */,
				3C319D9325E58BAB00868267 /* ProfileVC.swift */,
				DBF6EAC525EDA6E800210649 /* EmailLoginViewController.swift */,
			);
			path = controller;
			sourceTree = "<group>";
		};
		3C4D6BFE25D5D512009CEBE1 /* storyBoard */ = {
			isa = PBXGroup;
			children = (
				3C4D6BF025D5D1C4009CEBE1 /* LaunchScreen.storyboard */,
				3C4D6BEB25D5D1C2009CEBE1 /* Login.storyboard */,
				118B4DD125E0C82E00A8628C /* SignUp.storyboard */,
				118B4DD525E0C87100A8628C /* Home.storyboard */,
				118B4DD825E0C87F00A8628C /* Run.storyboard */,
				1122CE6C25E5A23F0065B4B2 /* Profile.storyboard */,
			);
			path = storyBoard;
			sourceTree = "<group>";
		};
		3C6922F325EE1C87001BA185 /* Helper */ = {
			isa = PBXGroup;
			children = (
				3C6922F425EE1CA4001BA185 /* funstions.swift */,
			);
			path = Helper;
			sourceTree = "<group>";
		};
		3CB524F625DB23B1004421D9 /* services */ = {
			isa = PBXGroup;
			children = (
				3C319D9625E58C5000868267 /* Notification */,
				3CB5250425DB35AC004421D9 /* auth */,
				3CB524FF25DB24B2004421D9 /* localStorage */,
				3CB524FE25DB24A3004421D9 /* cloudStorage */,
				3CB524FA25DB242C004421D9 /* database */,
			);
			path = services;
			sourceTree = "<group>";
		};
		3CB524F725DB23DD004421D9 /* model */ = {
			isa = PBXGroup;
			children = (
				3C13A8E425DB770E00C9D7F6 /* Run */,
				3CB524F825DB23FA004421D9 /* User.swift */,
				3C13A8E125DB76D100C9D7F6 /* GPS.swift */,
				3C6922D525EDF466001BA185 /* Friend.swift */,
			);
			path = model;
			sourceTree = "<group>";
		};
		3CB524FA25DB242C004421D9 /* database */ = {
			isa = PBXGroup;
			children = (
				3CB524FB25DB2443004421D9 /* DB.swift */,
				3CB5250725DB3B2C004421D9 /* RunDb.swift */,
				3CB5250925DB3F51004421D9 /* Path.swift */,
				3C13A8EC25DB77C500C9D7F6 /* UserDb.swift */,
				3C6922D125EDF326001BA185 /* FriendDb.swift */,
			);
			path = database;
			sourceTree = "<group>";
		};
		3CB524FE25DB24A3004421D9 /* cloudStorage */ = {
			isa = PBXGroup;
			children = (
				3CB5250225DB24DF004421D9 /* CloudStorage.swift */,
			);
			path = cloudStorage;
			sourceTree = "<group>";
		};
		3CB524FF25DB24B2004421D9 /* localStorage */ = {
			isa = PBXGroup;
			children = (
				3CB5250025DB24C2004421D9 /* LocalStorage.swift */,
			);
			path = localStorage;
			sourceTree = "<group>";
		};
		3CB5250425DB35AC004421D9 /* auth */ = {
			isa = PBXGroup;
			children = (
				3CB5250525DB35CB004421D9 /* Auth.swift */,
			);
			path = auth;
			sourceTree = "<group>";
		};
		3CDFE91F25DE823C00742EF2 /* Data */ = {
			isa = PBXGroup;
			children = (
				3CDFE92025DE82C600742EF2 /* RunCalculation.swift */,
			);
			path = Data;
			sourceTree = "<group>";
		};
		3CDFE92425DF0B9600742EF2 /* Navigation */ = {
			isa = PBXGroup;
			children = (
				3CDFE92525DF0BA800742EF2 /* Navigation.swift */,
			);
			path = Navigation;
			sourceTree = "<group>";
		};
		AEFEDFB950DDE4D64D1C282C /* Pods */ = {
			isa = PBXGroup;
			children = (
				A4104646307D6E68F33AE0EB /* Pods-Ghost Runner.debug.xcconfig */,
				766E69240DE493E8126D4C20 /* Pods-Ghost Runner.release.xcconfig */,
			);
			path = Pods;
			sourceTree = "<group>";
		};
/* End PBXGroup section */

/* Begin PBXNativeTarget section */
		3C4D6BE125D5D1C2009CEBE1 /* Ghost Runner */ = {
			isa = PBXNativeTarget;
			buildConfigurationList = 3C4D6BF625D5D1C4009CEBE1 /* Build configuration list for PBXNativeTarget "Ghost Runner" */;
			buildPhases = (
				468D50BCA0B8EFB18A0EF2C9 /* [CP] Check Pods Manifest.lock */,
				3C4D6BDE25D5D1C2009CEBE1 /* Sources */,
				3C4D6BDF25D5D1C2009CEBE1 /* Frameworks */,
				3C4D6BE025D5D1C2009CEBE1 /* Resources */,
				807E9F55720D95E1027B5DB5 /* [CP] Embed Pods Frameworks */,
				910D23AF4D777BF849547F30 /* [CP] Copy Pods Resources */,
			);
			buildRules = (
			);
			dependencies = (
			);
			name = "Ghost Runner";
			productName = "Ghost Runner";
			productReference = 3C4D6BE225D5D1C2009CEBE1 /* Ghost Runner.app */;
			productType = "com.apple.product-type.application";
		};
/* End PBXNativeTarget section */

/* Begin PBXProject section */
		3C4D6BDA25D5D1C2009CEBE1 /* Project object */ = {
			isa = PBXProject;
			attributes = {
				LastSwiftUpdateCheck = 1240;
				LastUpgradeCheck = 1240;
				TargetAttributes = {
					3C4D6BE125D5D1C2009CEBE1 = {
						CreatedOnToolsVersion = 12.4;
					};
				};
			};
			buildConfigurationList = 3C4D6BDD25D5D1C2009CEBE1 /* Build configuration list for PBXProject "Ghost Runner" */;
			compatibilityVersion = "Xcode 9.3";
			developmentRegion = en;
			hasScannedForEncodings = 0;
			knownRegions = (
				en,
				Base,
			);
			mainGroup = 3C4D6BD925D5D1C2009CEBE1;
			productRefGroup = 3C4D6BE325D5D1C2009CEBE1 /* Products */;
			projectDirPath = "";
			projectRoot = "";
			targets = (
				3C4D6BE125D5D1C2009CEBE1 /* Ghost Runner */,
			);
		};
/* End PBXProject section */

/* Begin PBXResourcesBuildPhase section */
		3C4D6BE025D5D1C2009CEBE1 /* Resources */ = {
			isa = PBXResourcesBuildPhase;
			buildActionMask = 2147483647;
			files = (
				118B4DD625E0C87100A8628C /* Home.storyboard in Resources */,
				3C4D6BF225D5D1C4009CEBE1 /* LaunchScreen.storyboard in Resources */,
				118B4DD925E0C87F00A8628C /* Run.storyboard in Resources */,
				3CB524F525DB1B03004421D9 /* GoogleService-Info.plist in Resources */,
				118B4DD225E0C82E00A8628C /* SignUp.storyboard in Resources */,
				3C4D6BEF25D5D1C4009CEBE1 /* Assets.xcassets in Resources */,
				1122CE6D25E5A23F0065B4B2 /* Profile.storyboard in Resources */,
				3C4D6BED25D5D1C2009CEBE1 /* Login.storyboard in Resources */,
				118B4DCC25E0B4B900A8628C /* test_data.json in Resources */,
			);
			runOnlyForDeploymentPostprocessing = 0;
		};
/* End PBXResourcesBuildPhase section */

/* Begin PBXShellScriptBuildPhase section */
		468D50BCA0B8EFB18A0EF2C9 /* [CP] Check Pods Manifest.lock */ = {
			isa = PBXShellScriptBuildPhase;
			buildActionMask = 2147483647;
			files = (
			);
			inputFileListPaths = (
			);
			inputPaths = (
				"${PODS_PODFILE_DIR_PATH}/Podfile.lock",
				"${PODS_ROOT}/Manifest.lock",
			);
			name = "[CP] Check Pods Manifest.lock";
			outputFileListPaths = (
			);
			outputPaths = (
				"$(DERIVED_FILE_DIR)/Pods-Ghost Runner-checkManifestLockResult.txt",
			);
			runOnlyForDeploymentPostprocessing = 0;
			shellPath = /bin/sh;
			shellScript = "diff \"${PODS_PODFILE_DIR_PATH}/Podfile.lock\" \"${PODS_ROOT}/Manifest.lock\" > /dev/null\nif [ $? != 0 ] ; then\n    # print error to STDERR\n    echo \"error: The sandbox is not in sync with the Podfile.lock. Run 'pod install' or update your CocoaPods installation.\" >&2\n    exit 1\nfi\n# This output is used by Xcode 'outputs' to avoid re-running this script phase.\necho \"SUCCESS\" > \"${SCRIPT_OUTPUT_FILE_0}\"\n";
			showEnvVarsInLog = 0;
		};
		807E9F55720D95E1027B5DB5 /* [CP] Embed Pods Frameworks */ = {
			isa = PBXShellScriptBuildPhase;
			buildActionMask = 2147483647;
			files = (
			);
			inputFileListPaths = (
				"${PODS_ROOT}/Target Support Files/Pods-Ghost Runner/Pods-Ghost Runner-frameworks-${CONFIGURATION}-input-files.xcfilelist",
			);
			name = "[CP] Embed Pods Frameworks";
			outputFileListPaths = (
				"${PODS_ROOT}/Target Support Files/Pods-Ghost Runner/Pods-Ghost Runner-frameworks-${CONFIGURATION}-output-files.xcfilelist",
			);
			runOnlyForDeploymentPostprocessing = 0;
			shellPath = /bin/sh;
			shellScript = "\"${PODS_ROOT}/Target Support Files/Pods-Ghost Runner/Pods-Ghost Runner-frameworks.sh\"\n";
			showEnvVarsInLog = 0;
		};
		910D23AF4D777BF849547F30 /* [CP] Copy Pods Resources */ = {
			isa = PBXShellScriptBuildPhase;
			buildActionMask = 2147483647;
			files = (
			);
			inputFileListPaths = (
				"${PODS_ROOT}/Target Support Files/Pods-Ghost Runner/Pods-Ghost Runner-resources-${CONFIGURATION}-input-files.xcfilelist",
			);
			name = "[CP] Copy Pods Resources";
			outputFileListPaths = (
				"${PODS_ROOT}/Target Support Files/Pods-Ghost Runner/Pods-Ghost Runner-resources-${CONFIGURATION}-output-files.xcfilelist",
			);
			runOnlyForDeploymentPostprocessing = 0;
			shellPath = /bin/sh;
			shellScript = "\"${PODS_ROOT}/Target Support Files/Pods-Ghost Runner/Pods-Ghost Runner-resources.sh\"\n";
			showEnvVarsInLog = 0;
		};
/* End PBXShellScriptBuildPhase section */

/* Begin PBXSourcesBuildPhase section */
		3C4D6BDE25D5D1C2009CEBE1 /* Sources */ = {
			isa = PBXSourcesBuildPhase;
			buildActionMask = 2147483647;
			files = (
				3C13A8EA25DB774B00C9D7F6 /* RunSnapshot.swift in Sources */,
				DBF6EAC625EDA6E800210649 /* EmailLoginViewController.swift in Sources */,
				3C6922D225EDF326001BA185 /* FriendDb.swift in Sources */,
				3C13A8E225DB76D100C9D7F6 /* GPS.swift in Sources */,
				3C13A8ED25DB77C500C9D7F6 /* UserDb.swift in Sources */,
				3C319D9825E58C5D00868267 /* Notification.swift in Sources */,
				3CDFE92C25DF16D600742EF2 /* HomeVC.swift in Sources */,
				3C13A8E725DB772500C9D7F6 /* RunModel.swift in Sources */,
				3CB524F925DB23FA004421D9 /* User.swift in Sources */,
				3C4D6BEA25D5D1C2009CEBE1 /* ViewController.swift in Sources */,
				118B4DC425E0AD8900A8628C /* tester.swift in Sources */,
				3C6922D625EDF466001BA185 /* Friend.swift in Sources */,
				3CB524FC25DB2443004421D9 /* DB.swift in Sources */,
				3CB5250125DB24C2004421D9 /* LocalStorage.swift in Sources */,
				3CDFE93525DF8C6F00742EF2 /* SignUp.swift in Sources */,
				3CB5250825DB3B2C004421D9 /* RunDb.swift in Sources */,
				3CDFE92125DE82C600742EF2 /* RunCalculation.swift in Sources */,
				3C4D6BE625D5D1C2009CEBE1 /* AppDelegate.swift in Sources */,
				3CDFE92625DF0BA800742EF2 /* Navigation.swift in Sources */,
				3C4D6BE825D5D1C2009CEBE1 /* SceneDelegate.swift in Sources */,
				3CDFE93125DF1F9600742EF2 /* RunVC.swift in Sources */,
				3CB5250325DB24DF004421D9 /* CloudStorage.swift in Sources */,
				3CB5250A25DB3F51004421D9 /* Path.swift in Sources */,
				3CDFE92925DF15CB00742EF2 /* LoginVC.swift in Sources */,
				3C319D9425E58BAB00868267 /* ProfileVC.swift in Sources */,
				3C6922F525EE1CA4001BA185 /* funstions.swift in Sources */,
				3CB5250625DB35CB004421D9 /* Auth.swift in Sources */,
			);
			runOnlyForDeploymentPostprocessing = 0;
		};
/* End PBXSourcesBuildPhase section */

/* Begin PBXVariantGroup section */
		3C4D6BEB25D5D1C2009CEBE1 /* Login.storyboard */ = {
			isa = PBXVariantGroup;
			children = (
				3C4D6BEC25D5D1C2009CEBE1 /* Base */,
			);
			name = Login.storyboard;
			sourceTree = "<group>";
		};
		3C4D6BF025D5D1C4009CEBE1 /* LaunchScreen.storyboard */ = {
			isa = PBXVariantGroup;
			children = (
				3C4D6BF125D5D1C4009CEBE1 /* Base */,
			);
			name = LaunchScreen.storyboard;
			sourceTree = "<group>";
		};
/* End PBXVariantGroup section */

/* Begin XCBuildConfiguration section */
		3C4D6BF425D5D1C4009CEBE1 /* Debug */ = {
			isa = XCBuildConfiguration;
			buildSettings = {
				ALWAYS_SEARCH_USER_PATHS = NO;
				CLANG_ANALYZER_NONNULL = YES;
				CLANG_ANALYZER_NUMBER_OBJECT_CONVERSION = YES_AGGRESSIVE;
				CLANG_CXX_LANGUAGE_STANDARD = "gnu++14";
				CLANG_CXX_LIBRARY = "libc++";
				CLANG_ENABLE_MODULES = YES;
				CLANG_ENABLE_OBJC_ARC = YES;
				CLANG_ENABLE_OBJC_WEAK = YES;
				CLANG_WARN_BLOCK_CAPTURE_AUTORELEASING = YES;
				CLANG_WARN_BOOL_CONVERSION = YES;
				CLANG_WARN_COMMA = YES;
				CLANG_WARN_CONSTANT_CONVERSION = YES;
				CLANG_WARN_DEPRECATED_OBJC_IMPLEMENTATIONS = YES;
				CLANG_WARN_DIRECT_OBJC_ISA_USAGE = YES_ERROR;
				CLANG_WARN_DOCUMENTATION_COMMENTS = YES;
				CLANG_WARN_EMPTY_BODY = YES;
				CLANG_WARN_ENUM_CONVERSION = YES;
				CLANG_WARN_INFINITE_RECURSION = YES;
				CLANG_WARN_INT_CONVERSION = YES;
				CLANG_WARN_NON_LITERAL_NULL_CONVERSION = YES;
				CLANG_WARN_OBJC_IMPLICIT_RETAIN_SELF = YES;
				CLANG_WARN_OBJC_LITERAL_CONVERSION = YES;
				CLANG_WARN_OBJC_ROOT_CLASS = YES_ERROR;
				CLANG_WARN_QUOTED_INCLUDE_IN_FRAMEWORK_HEADER = YES;
				CLANG_WARN_RANGE_LOOP_ANALYSIS = YES;
				CLANG_WARN_STRICT_PROTOTYPES = YES;
				CLANG_WARN_SUSPICIOUS_MOVE = YES;
				CLANG_WARN_UNGUARDED_AVAILABILITY = YES_AGGRESSIVE;
				CLANG_WARN_UNREACHABLE_CODE = YES;
				CLANG_WARN__DUPLICATE_METHOD_MATCH = YES;
				COPY_PHASE_STRIP = NO;
				DEBUG_INFORMATION_FORMAT = dwarf;
				ENABLE_STRICT_OBJC_MSGSEND = YES;
				ENABLE_TESTABILITY = YES;
				GCC_C_LANGUAGE_STANDARD = gnu11;
				GCC_DYNAMIC_NO_PIC = NO;
				GCC_NO_COMMON_BLOCKS = YES;
				GCC_OPTIMIZATION_LEVEL = 0;
				GCC_PREPROCESSOR_DEFINITIONS = (
					"DEBUG=1",
					"$(inherited)",
				);
				GCC_WARN_64_TO_32_BIT_CONVERSION = YES;
				GCC_WARN_ABOUT_RETURN_TYPE = YES_ERROR;
				GCC_WARN_UNDECLARED_SELECTOR = YES;
				GCC_WARN_UNINITIALIZED_AUTOS = YES_AGGRESSIVE;
				GCC_WARN_UNUSED_FUNCTION = YES;
				GCC_WARN_UNUSED_VARIABLE = YES;
				IPHONEOS_DEPLOYMENT_TARGET = 13.2;
				MTL_ENABLE_DEBUG_INFO = INCLUDE_SOURCE;
				MTL_FAST_MATH = YES;
				ONLY_ACTIVE_ARCH = YES;
				SDKROOT = iphoneos;
				SWIFT_ACTIVE_COMPILATION_CONDITIONS = DEBUG;
				SWIFT_OPTIMIZATION_LEVEL = "-Onone";
			};
			name = Debug;
		};
		3C4D6BF525D5D1C4009CEBE1 /* Release */ = {
			isa = XCBuildConfiguration;
			buildSettings = {
				ALWAYS_SEARCH_USER_PATHS = NO;
				CLANG_ANALYZER_NONNULL = YES;
				CLANG_ANALYZER_NUMBER_OBJECT_CONVERSION = YES_AGGRESSIVE;
				CLANG_CXX_LANGUAGE_STANDARD = "gnu++14";
				CLANG_CXX_LIBRARY = "libc++";
				CLANG_ENABLE_MODULES = YES;
				CLANG_ENABLE_OBJC_ARC = YES;
				CLANG_ENABLE_OBJC_WEAK = YES;
				CLANG_WARN_BLOCK_CAPTURE_AUTORELEASING = YES;
				CLANG_WARN_BOOL_CONVERSION = YES;
				CLANG_WARN_COMMA = YES;
				CLANG_WARN_CONSTANT_CONVERSION = YES;
				CLANG_WARN_DEPRECATED_OBJC_IMPLEMENTATIONS = YES;
				CLANG_WARN_DIRECT_OBJC_ISA_USAGE = YES_ERROR;
				CLANG_WARN_DOCUMENTATION_COMMENTS = YES;
				CLANG_WARN_EMPTY_BODY = YES;
				CLANG_WARN_ENUM_CONVERSION = YES;
				CLANG_WARN_INFINITE_RECURSION = YES;
				CLANG_WARN_INT_CONVERSION = YES;
				CLANG_WARN_NON_LITERAL_NULL_CONVERSION = YES;
				CLANG_WARN_OBJC_IMPLICIT_RETAIN_SELF = YES;
				CLANG_WARN_OBJC_LITERAL_CONVERSION = YES;
				CLANG_WARN_OBJC_ROOT_CLASS = YES_ERROR;
				CLANG_WARN_QUOTED_INCLUDE_IN_FRAMEWORK_HEADER = YES;
				CLANG_WARN_RANGE_LOOP_ANALYSIS = YES;
				CLANG_WARN_STRICT_PROTOTYPES = YES;
				CLANG_WARN_SUSPICIOUS_MOVE = YES;
				CLANG_WARN_UNGUARDED_AVAILABILITY = YES_AGGRESSIVE;
				CLANG_WARN_UNREACHABLE_CODE = YES;
				CLANG_WARN__DUPLICATE_METHOD_MATCH = YES;
				COPY_PHASE_STRIP = NO;
				DEBUG_INFORMATION_FORMAT = "dwarf-with-dsym";
				ENABLE_NS_ASSERTIONS = NO;
				ENABLE_STRICT_OBJC_MSGSEND = YES;
				GCC_C_LANGUAGE_STANDARD = gnu11;
				GCC_NO_COMMON_BLOCKS = YES;
				GCC_WARN_64_TO_32_BIT_CONVERSION = YES;
				GCC_WARN_ABOUT_RETURN_TYPE = YES_ERROR;
				GCC_WARN_UNDECLARED_SELECTOR = YES;
				GCC_WARN_UNINITIALIZED_AUTOS = YES_AGGRESSIVE;
				GCC_WARN_UNUSED_FUNCTION = YES;
				GCC_WARN_UNUSED_VARIABLE = YES;
				IPHONEOS_DEPLOYMENT_TARGET = 13.2;
				MTL_ENABLE_DEBUG_INFO = NO;
				MTL_FAST_MATH = YES;
				SDKROOT = iphoneos;
				SWIFT_COMPILATION_MODE = wholemodule;
				SWIFT_OPTIMIZATION_LEVEL = "-O";
				VALIDATE_PRODUCT = YES;
			};
			name = Release;
		};
		3C4D6BF725D5D1C4009CEBE1 /* Debug */ = {
			isa = XCBuildConfiguration;
			baseConfigurationReference = A4104646307D6E68F33AE0EB /* Pods-Ghost Runner.debug.xcconfig */;
			buildSettings = {
				ASSETCATALOG_COMPILER_APPICON_NAME = AppIcon;
				ASSETCATALOG_COMPILER_GLOBAL_ACCENT_COLOR_NAME = AccentColor;
				CODE_SIGN_STYLE = Automatic;
				DEVELOPMENT_TEAM = 32ZQY2PA9J;
				INFOPLIST_FILE = "Ghost Runner/Info.plist";
				IPHONEOS_DEPLOYMENT_TARGET = 13.2;
				LD_RUNPATH_SEARCH_PATHS = (
					"$(inherited)",
					"@executable_path/Frameworks",
				);
				PRODUCT_BUNDLE_IDENTIFIER = "Runner.Ghost-Runner";
				PRODUCT_NAME = "$(TARGET_NAME)";
				SWIFT_VERSION = 5.0;
				TARGETED_DEVICE_FAMILY = "1,2";
			};
			name = Debug;
		};
		3C4D6BF825D5D1C4009CEBE1 /* Release */ = {
			isa = XCBuildConfiguration;
			baseConfigurationReference = 766E69240DE493E8126D4C20 /* Pods-Ghost Runner.release.xcconfig */;
			buildSettings = {
				ASSETCATALOG_COMPILER_APPICON_NAME = AppIcon;
				ASSETCATALOG_COMPILER_GLOBAL_ACCENT_COLOR_NAME = AccentColor;
				CODE_SIGN_STYLE = Automatic;
				DEVELOPMENT_TEAM = 32ZQY2PA9J;
				INFOPLIST_FILE = "Ghost Runner/Info.plist";
				IPHONEOS_DEPLOYMENT_TARGET = 13.2;
				LD_RUNPATH_SEARCH_PATHS = (
					"$(inherited)",
					"@executable_path/Frameworks",
				);
				PRODUCT_BUNDLE_IDENTIFIER = "Runner.Ghost-Runner";
				PRODUCT_NAME = "$(TARGET_NAME)";
				SWIFT_VERSION = 5.0;
				TARGETED_DEVICE_FAMILY = "1,2";
			};
			name = Release;
		};
/* End XCBuildConfiguration section */

/* Begin XCConfigurationList section */
		3C4D6BDD25D5D1C2009CEBE1 /* Build configuration list for PBXProject "Ghost Runner" */ = {
			isa = XCConfigurationList;
			buildConfigurations = (
				3C4D6BF425D5D1C4009CEBE1 /* Debug */,
				3C4D6BF525D5D1C4009CEBE1 /* Release */,
			);
			defaultConfigurationIsVisible = 0;
			defaultConfigurationName = Release;
		};
		3C4D6BF625D5D1C4009CEBE1 /* Build configuration list for PBXNativeTarget "Ghost Runner" */ = {
			isa = XCConfigurationList;
			buildConfigurations = (
				3C4D6BF725D5D1C4009CEBE1 /* Debug */,
				3C4D6BF825D5D1C4009CEBE1 /* Release */,
			);
			defaultConfigurationIsVisible = 0;
			defaultConfigurationName = Release;
		};
/* End XCConfigurationList section */
	};
	rootObject = 3C4D6BDA25D5D1C2009CEBE1 /* Project object */;
}
